github.com/zaadinda/go-print-slice v1.0.1 h1:qnW9Loj+L+kocieSKZK2VQ6AeplX8OZnvENoZ+eWX8s=
github.com/zaadinda/go-print-slice v1.0.1/go.mod h1:u84SPeXppUkYpIhURi/eJ2xuUjOoS8/0S8kPZhRXcbo=
github.com/zaadinda/go-print-slice v1.0.2 h1:siVRTvddnIrfckTA3uMnrLEb/1kvoIbnpPHtUb2Tl8k=
github.com/zaadinda/go-print-slice v1.0.2/go.mod h1:u84SPeXppUkYpIhURi/eJ2xuUjOoS8/0S8kPZhRXcbo=
